
Microsoft Visual Studio Solution File, Format Version 11.00
# Visual Studio 2010
Project("{FAE04EC0-301F-11D3-BF4B-00C04F79EFBC}") = "Assembly-CSharp", "Assembly-CSharp.csproj", "{CA1A036B-5E00-B80B-509D-EB14F0165677}"
EndProject
Project("{FAE04EC0-301F-11D3-BF4B-00C04F79EFBC}") = "Assembly-CSharp-Editor", "Assembly-CSharp-Editor.csproj", "{1B6B1FD6-C3DB-612D-6452-278C3A1AA0D1}"
EndProject
Global
	GlobalSection(SolutionConfigurationPlatforms) = preSolution
		Debug|Any CPU = Debug|Any CPU
		Release|Any CPU = Release|Any CPU
	EndGlobalSection
	GlobalSection(ProjectConfigurationPlatforms) = postSolution
		{CA1A036B-5E00-B80B-509D-EB14F0165677}.Debug|Any CPU.ActiveCfg = Debug|Any CPU
		{CA1A036B-5E00-B80B-509D-EB14F0165677}.Debug|Any CPU.Build.0 = Debug|Any CPU
		{CA1A036B-5E00-B80B-509D-EB14F0165677}.Release|Any CPU.ActiveCfg = Release|Any CPU
		{CA1A036B-5E00-B80B-509D-EB14F0165677}.Release|Any CPU.Build.0 = Release|Any CPU
		{1B6B1FD6-C3DB-612D-6452-278C3A1AA0D1}.Debug|Any CPU.ActiveCfg = Debug|Any CPU
		{1B6B1FD6-C3DB-612D-6452-278C3A1AA0D1}.Debug|Any CPU.Build.0 = Debug|Any CPU
		{1B6B1FD6-C3DB-612D-6452-278C3A1AA0D1}.Release|Any CPU.ActiveCfg = Release|Any CPU
		{1B6B1FD6-C3DB-612D-6452-278C3A1AA0D1}.Release|Any CPU.Build.0 = Release|Any CPU
	EndGlobalSection
	GlobalSection(SolutionProperties) = preSolution
		HideSolutionNode = FALSE
	EndGlobalSection
	GlobalSection(MonoDevelopProperties) = preSolution
		StartupItem = Assembly-CSharp.csproj
	EndGlobalSection
EndGlobal
